[[package]]
name = "pypdf"
version = "3.15.5"
description = "A pure-python PDF library capable of splitting, merging, cropping, and transforming PDF files"
category = "main"
optional = false
python-versions = ">=3.6"

[package.dependencies]
typing_extensions = {version = ">=3.7.4.3", markers = "python_version < \"3.10\""}

[package.extras]
crypto = ["cryptography", "pycryptodome"]
dev = ["black", "pip-tools", "pre-commit (<2.18.0)", "pytest-cov", "pytest-socket", "pytest-timeout", "flit", "wheel"]
docs = ["sphinx", "sphinx-rtd-theme", "myst-parser"]
full = ["cryptography", "pycryptodome", "Pillow (>=8.0.0)"]
image = ["Pillow (>=8.0.0)"]

[[package]]
name = "typing-extensions"
version = "4.7.1"
description = "Backported and Experimental Type Hints for Python 3.7+"
category = "main"
optional = false
python-versions = ">=3.7"

[metadata]
lock-version = "1.1"
python-versions = "^3.9"
content-hash = "6bb235759c21b397d187c72bfe11cb901ecee736c8290414aba58209952a86dd"

[metadata.files]
pypdf = []
typing-extensions = []
